// !$*UTF8*$!
{
	archiveVersion = 1;
	classes = {
	};
	objectVersion = 56;
	objects = {

/* Begin PBXBuildFile section */
		E02A8F932AA9795000E9C86E /* ios_devApp.swift in Sources */ = {isa = PBXBuildFile; fileRef = E02A8F922AA9795000E9C86E /* ios_devApp.swift */; };
		E02A8F972AA9795100E9C86E /* Assets.xcassets in Resources */ = {isa = PBXBuildFile; fileRef = E02A8F962AA9795100E9C86E /* Assets.xcassets */; };
		E02A8F9B2AA9795100E9C86E /* Preview Assets.xcassets in Resources */ = {isa = PBXBuildFile; fileRef = E02A8F9A2AA9795100E9C86E /* Preview Assets.xcassets */; };
		E02A8FA52AA9795100E9C86E /* ios_devTests.swift in Sources */ = {isa = PBXBuildFile; fileRef = E02A8FA42AA9795100E9C86E /* ios_devTests.swift */; };
		E02A8FAF2AA9795100E9C86E /* ios_devUITests.swift in Sources */ = {isa = PBXBuildFile; fileRef = E02A8FAE2AA9795100E9C86E /* ios_devUITests.swift */; };
		E02A8FB12AA9795100E9C86E /* ios_devUITestsLaunchTests.swift in Sources */ = {isa = PBXBuildFile; fileRef = E02A8FB02AA9795100E9C86E /* ios_devUITestsLaunchTests.swift */; };
		E02A8FBF2AA97EB800E9C86E /* login.swift in Sources */ = {isa = PBXBuildFile; fileRef = E02A8FBE2AA97EB800E9C86E /* login.swift */; };
		E02A8FC12AA99A5C00E9C86E /* GoogleService-Info.plist in Resources */ = {isa = PBXBuildFile; fileRef = E02A8FC02AA99A5C00E9C86E /* GoogleService-Info.plist */; };
		E02A8FC42AA99B2500E9C86E /* FirebaseAnalytics in Frameworks */ = {isa = PBXBuildFile; productRef = E02A8FC32AA99B2500E9C86E /* FirebaseAnalytics */; };
		E02A8FC62AA99B2500E9C86E /* FirebaseAnalyticsOnDeviceConversion in Frameworks */ = {isa = PBXBuildFile; productRef = E02A8FC52AA99B2500E9C86E /* FirebaseAnalyticsOnDeviceConversion */; };
		E02A8FC82AA99B2500E9C86E /* FirebaseAnalyticsSwift in Frameworks */ = {isa = PBXBuildFile; productRef = E02A8FC72AA99B2500E9C86E /* FirebaseAnalyticsSwift */; };
		E02A8FCA2AA99B2500E9C86E /* FirebaseAnalyticsWithoutAdIdSupport in Frameworks */ = {isa = PBXBuildFile; productRef = E02A8FC92AA99B2500E9C86E /* FirebaseAnalyticsWithoutAdIdSupport */; };
		E02A8FCC2AA99B2500E9C86E /* FirebaseAppCheck in Frameworks */ = {isa = PBXBuildFile; productRef = E02A8FCB2AA99B2500E9C86E /* FirebaseAppCheck */; };
		E02A8FCE2AA99B2500E9C86E /* FirebaseAppDistribution-Beta in Frameworks */ = {isa = PBXBuildFile; productRef = E02A8FCD2AA99B2500E9C86E /* FirebaseAppDistribution-Beta */; };
		E02A8FD02AA99B2500E9C86E /* FirebaseAuth in Frameworks */ = {isa = PBXBuildFile; productRef = E02A8FCF2AA99B2500E9C86E /* FirebaseAuth */; };
		E02A8FD22AA99B2500E9C86E /* FirebaseDatabase in Frameworks */ = {isa = PBXBuildFile; productRef = E02A8FD12AA99B2500E9C86E /* FirebaseDatabase */; };
		E02A8FD42AA99B2500E9C86E /* FirebaseDatabaseSwift in Frameworks */ = {isa = PBXBuildFile; productRef = E02A8FD32AA99B2500E9C86E /* FirebaseDatabaseSwift */; };
		E02A8FD62AA99B2500E9C86E /* FirebaseDynamicLinks in Frameworks */ = {isa = PBXBuildFile; productRef = E02A8FD52AA99B2500E9C86E /* FirebaseDynamicLinks */; };
		E02A8FD82AA99B2500E9C86E /* FirebaseFirestore in Frameworks */ = {isa = PBXBuildFile; productRef = E02A8FD72AA99B2500E9C86E /* FirebaseFirestore */; };
		E02A8FDA2AA99B2500E9C86E /* FirebaseFirestoreCombine-Community in Frameworks */ = {isa = PBXBuildFile; productRef = E02A8FD92AA99B2500E9C86E /* FirebaseFirestoreCombine-Community */; };
		E02A8FDC2AA99B2500E9C86E /* FirebaseFirestoreSwift in Frameworks */ = {isa = PBXBuildFile; productRef = E02A8FDB2AA99B2500E9C86E /* FirebaseFirestoreSwift */; };
		E02A8FDE2AA99B2500E9C86E /* FirebaseFunctions in Frameworks */ = {isa = PBXBuildFile; productRef = E02A8FDD2AA99B2500E9C86E /* FirebaseFunctions */; };
		E02A8FE02AA99B2500E9C86E /* FirebaseFunctionsCombine-Community in Frameworks */ = {isa = PBXBuildFile; productRef = E02A8FDF2AA99B2500E9C86E /* FirebaseFunctionsCombine-Community */; };
		E02A8FE22AA99B2500E9C86E /* FirebaseInAppMessaging-Beta in Frameworks */ = {isa = PBXBuildFile; productRef = E02A8FE12AA99B2500E9C86E /* FirebaseInAppMessaging-Beta */; };
		E02A8FE42AA99B2500E9C86E /* FirebaseInAppMessagingSwift-Beta in Frameworks */ = {isa = PBXBuildFile; productRef = E02A8FE32AA99B2500E9C86E /* FirebaseInAppMessagingSwift-Beta */; };
		E02A8FE62AA99B2500E9C86E /* FirebaseInstallations in Frameworks */ = {isa = PBXBuildFile; productRef = E02A8FE52AA99B2500E9C86E /* FirebaseInstallations */; };
		E02A8FE82AA99B2500E9C86E /* FirebaseMessaging in Frameworks */ = {isa = PBXBuildFile; productRef = E02A8FE72AA99B2500E9C86E /* FirebaseMessaging */; };
		E02A8FEA2AA99B2500E9C86E /* FirebasePerformance in Frameworks */ = {isa = PBXBuildFile; productRef = E02A8FE92AA99B2500E9C86E /* FirebasePerformance */; };
		E02A8FEC2AA99B2500E9C86E /* FirebaseRemoteConfig in Frameworks */ = {isa = PBXBuildFile; productRef = E02A8FEB2AA99B2500E9C86E /* FirebaseRemoteConfig */; };
		E02A8FEE2AA99B2500E9C86E /* FirebaseRemoteConfigSwift in Frameworks */ = {isa = PBXBuildFile; productRef = E02A8FED2AA99B2500E9C86E /* FirebaseRemoteConfigSwift */; };
		E02A8FF02AA99B2500E9C86E /* FirebaseStorage in Frameworks */ = {isa = PBXBuildFile; productRef = E02A8FEF2AA99B2500E9C86E /* FirebaseStorage */; };
		E02A8FF22AA99B2500E9C86E /* FirebaseStorageCombine-Community in Frameworks */ = {isa = PBXBuildFile; productRef = E02A8FF12AA99B2500E9C86E /* FirebaseStorageCombine-Community */; };
		E02A8FF42AA99C3B00E9C86E /* auth-class.swift in Sources */ = {isa = PBXBuildFile; fileRef = E02A8FF32AA99C3B00E9C86E /* auth-class.swift */; };
		E02A8FF62AA99D0700E9C86E /* rootView.swift in Sources */ = {isa = PBXBuildFile; fileRef = E02A8FF52AA99D0700E9C86E /* rootView.swift */; };
		E02A8FF82AA99DF400E9C86E /* register.swift in Sources */ = {isa = PBXBuildFile; fileRef = E02A8FF72AA99DF400E9C86E /* register.swift */; };
		E02A8FFB2AA9B17F00E9C86E /* mian.swift in Sources */ = {isa = PBXBuildFile; fileRef = E02A8FFA2AA9B17F00E9C86E /* mian.swift */; };
/* End PBXBuildFile section */

/* Begin PBXContainerItemProxy section */
		E02A8FA12AA9795100E9C86E /* PBXContainerItemProxy */ = {
			isa = PBXContainerItemProxy;
			containerPortal = E02A8F872AA9795000E9C86E /* Project object */;
			proxyType = 1;
			remoteGlobalIDString = E02A8F8E2AA9795000E9C86E;
			remoteInfo = "ios-dev";
		};
		E02A8FAB2AA9795100E9C86E /* PBXContainerItemProxy */ = {
			isa = PBXContainerItemProxy;
			containerPortal = E02A8F872AA9795000E9C86E /* Project object */;
			proxyType = 1;
			remoteGlobalIDString = E02A8F8E2AA9795000E9C86E;
			remoteInfo = "ios-dev";
		};
/* End PBXContainerItemProxy section */

/* Begin PBXFileReference section */
		E02A8F8F2AA9795000E9C86E /* ios-dev.app */ = {isa = PBXFileReference; explicitFileType = wrapper.application; includeInIndex = 0; path = "ios-dev.app"; sourceTree = BUILT_PRODUCTS_DIR; };
		E02A8F922AA9795000E9C86E /* ios_devApp.swift */ = {isa = PBXFileReference; lastKnownFileType = sourcecode.swift; path = ios_devApp.swift; sourceTree = "<group>"; };
		E02A8F962AA9795100E9C86E /* Assets.xcassets */ = {isa = PBXFileReference; lastKnownFileType = folder.assetcatalog; path = Assets.xcassets; sourceTree = "<group>"; };
		E02A8F982AA9795100E9C86E /* ios_dev.entitlements */ = {isa = PBXFileReference; lastKnownFileType = text.plist.entitlements; path = ios_dev.entitlements; sourceTree = "<group>"; };
		E02A8F9A2AA9795100E9C86E /* Preview Assets.xcassets */ = {isa = PBXFileReference; lastKnownFileType = folder.assetcatalog; path = "Preview Assets.xcassets"; sourceTree = "<group>"; };
		E02A8FA02AA9795100E9C86E /* ios-devTests.xctest */ = {isa = PBXFileReference; explicitFileType = wrapper.cfbundle; includeInIndex = 0; path = "ios-devTests.xctest"; sourceTree = BUILT_PRODUCTS_DIR; };
		E02A8FA42AA9795100E9C86E /* ios_devTests.swift */ = {isa = PBXFileReference; lastKnownFileType = sourcecode.swift; path = ios_devTests.swift; sourceTree = "<group>"; };
		E02A8FAA2AA9795100E9C86E /* ios-devUITests.xctest */ = {isa = PBXFileReference; explicitFileType = wrapper.cfbundle; includeInIndex = 0; path = "ios-devUITests.xctest"; sourceTree = BUILT_PRODUCTS_DIR; };
		E02A8FAE2AA9795100E9C86E /* ios_devUITests.swift */ = {isa = PBXFileReference; lastKnownFileType = sourcecode.swift; path = ios_devUITests.swift; sourceTree = "<group>"; };
		E02A8FB02AA9795100E9C86E /* ios_devUITestsLaunchTests.swift */ = {isa = PBXFileReference; lastKnownFileType = sourcecode.swift; path = ios_devUITestsLaunchTests.swift; sourceTree = "<group>"; };
		E02A8FBE2AA97EB800E9C86E /* login.swift */ = {isa = PBXFileReference; lastKnownFileType = sourcecode.swift; path = login.swift; sourceTree = "<group>"; };
		E02A8FC02AA99A5C00E9C86E /* GoogleService-Info.plist */ = {isa = PBXFileReference; fileEncoding = 4; lastKnownFileType = text.plist.xml; name = "GoogleService-Info.plist"; path = "../../../../Downloads/GoogleService-Info.plist"; sourceTree = "<group>"; };
		E02A8FF32AA99C3B00E9C86E /* auth-class.swift */ = {isa = PBXFileReference; lastKnownFileType = sourcecode.swift; path = "auth-class.swift"; sourceTree = "<group>"; };
		E02A8FF52AA99D0700E9C86E /* rootView.swift */ = {isa = PBXFileReference; lastKnownFileType = sourcecode.swift; path = rootView.swift; sourceTree = "<group>"; };
		E02A8FF72AA99DF400E9C86E /* register.swift */ = {isa = PBXFileReference; lastKnownFileType = sourcecode.swift; path = register.swift; sourceTree = "<group>"; };
		E02A8FFA2AA9B17F00E9C86E /* mian.swift */ = {isa = PBXFileReference; lastKnownFileType = sourcecode.swift; path = mian.swift; sourceTree = "<group>"; };
/* End PBXFileReference section */

/* Begin PBXFrameworksBuildPhase section */
		E02A8F8C2AA9795000E9C86E /* Frameworks */ = {
			isa = PBXFrameworksBuildPhase;
			buildActionMask = 2147483647;
			files = (
				E02A8FC82AA99B2500E9C86E /* FirebaseAnalyticsSwift in Frameworks */,
				E02A8FE42AA99B2500E9C86E /* FirebaseInAppMessagingSwift-Beta in Frameworks */,
				E02A8FEA2AA99B2500E9C86E /* FirebasePerformance in Frameworks */,
				E02A8FEC2AA99B2500E9C86E /* FirebaseRemoteConfig in Frameworks */,
				E02A8FDE2AA99B2500E9C86E /* FirebaseFunctions in Frameworks */,
				E02A8FEE2AA99B2500E9C86E /* FirebaseRemoteConfigSwift in Frameworks */,
				E02A8FE62AA99B2500E9C86E /* FirebaseInstallations in Frameworks */,
				E02A8FC42AA99B2500E9C86E /* FirebaseAnalytics in Frameworks */,
				E02A8FC62AA99B2500E9C86E /* FirebaseAnalyticsOnDeviceConversion in Frameworks */,
				E02A8FD42AA99B2500E9C86E /* FirebaseDatabaseSwift in Frameworks */,
				E02A8FF22AA99B2500E9C86E /* FirebaseStorageCombine-Community in Frameworks */,
				E02A8FCC2AA99B2500E9C86E /* FirebaseAppCheck in Frameworks */,
				E02A8FF02AA99B2500E9C86E /* FirebaseStorage in Frameworks */,
				E02A8FE82AA99B2500E9C86E /* FirebaseMessaging in Frameworks */,
				E02A8FCA2AA99B2500E9C86E /* FirebaseAnalyticsWithoutAdIdSupport in Frameworks */,
				E02A8FD02AA99B2500E9C86E /* FirebaseAuth in Frameworks */,
				E02A8FE02AA99B2500E9C86E /* FirebaseFunctionsCombine-Community in Frameworks */,
				E02A8FDC2AA99B2500E9C86E /* FirebaseFirestoreSwift in Frameworks */,
				E02A8FD22AA99B2500E9C86E /* FirebaseDatabase in Frameworks */,
				E02A8FE22AA99B2500E9C86E /* FirebaseInAppMessaging-Beta in Frameworks */,
				E02A8FCE2AA99B2500E9C86E /* FirebaseAppDistribution-Beta in Frameworks */,
				E02A8FDA2AA99B2500E9C86E /* FirebaseFirestoreCombine-Community in Frameworks */,
				E02A8FD82AA99B2500E9C86E /* FirebaseFirestore in Frameworks */,
				E02A8FD62AA99B2500E9C86E /* FirebaseDynamicLinks in Frameworks */,
			);
			runOnlyForDeploymentPostprocessing = 0;
		};
		E02A8F9D2AA9795100E9C86E /* Frameworks */ = {
			isa = PBXFrameworksBuildPhase;
			buildActionMask = 2147483647;
			files = (
			);
			runOnlyForDeploymentPostprocessing = 0;
		};
		E02A8FA72AA9795100E9C86E /* Frameworks */ = {
			isa = PBXFrameworksBuildPhase;
			buildActionMask = 2147483647;
			files = (
			);
			runOnlyForDeploymentPostprocessing = 0;
		};
/* End PBXFrameworksBuildPhase section */

/* Begin PBXGroup section */
		E02A8F862AA9795000E9C86E = {
			isa = PBXGroup;
			children = (
				E02A8F912AA9795000E9C86E /* ios-dev */,
				E02A8FA32AA9795100E9C86E /* ios-devTests */,
				E02A8FAD2AA9795100E9C86E /* ios-devUITests */,
				E02A8F902AA9795000E9C86E /* Products */,
			);
			sourceTree = "<group>";
		};
		E02A8F902AA9795000E9C86E /* Products */ = {
			isa = PBXGroup;
			children = (
				E02A8F8F2AA9795000E9C86E /* ios-dev.app */,
				E02A8FA02AA9795100E9C86E /* ios-devTests.xctest */,
				E02A8FAA2AA9795100E9C86E /* ios-devUITests.xctest */,
			);
			name = Products;
			sourceTree = "<group>";
		};
		E02A8F912AA9795000E9C86E /* ios-dev */ = {
			isa = PBXGroup;
			children = (
				E02A8FF92AA9B17100E9C86E /* mainPage */,
				E02A8FC02AA99A5C00E9C86E /* GoogleService-Info.plist */,
				E02A8FBD2AA97E8000E9C86E /* email-sys */,
				E02A8F922AA9795000E9C86E /* ios_devApp.swift */,
				E02A8F962AA9795100E9C86E /* Assets.xcassets */,
				E02A8F982AA9795100E9C86E /* ios_dev.entitlements */,
				E02A8F992AA9795100E9C86E /* Preview Content */,
				E02A8FF52AA99D0700E9C86E /* rootView.swift */,
			);
			path = "ios-dev";
			sourceTree = "<group>";
		};
		E02A8F992AA9795100E9C86E /* Preview Content */ = {
			isa = PBXGroup;
			children = (
				E02A8F9A2AA9795100E9C86E /* Preview Assets.xcassets */,
			);
			path = "Preview Content";
			sourceTree = "<group>";
		};
		E02A8FA32AA9795100E9C86E /* ios-devTests */ = {
			isa = PBXGroup;
			children = (
				E02A8FA42AA9795100E9C86E /* ios_devTests.swift */,
			);
			path = "ios-devTests";
			sourceTree = "<group>";
		};
		E02A8FAD2AA9795100E9C86E /* ios-devUITests */ = {
			isa = PBXGroup;
			children = (
				E02A8FAE2AA9795100E9C86E /* ios_devUITests.swift */,
				E02A8FB02AA9795100E9C86E /* ios_devUITestsLaunchTests.swift */,
			);
			path = "ios-devUITests";
			sourceTree = "<group>";
		};
		E02A8FBD2AA97E8000E9C86E /* email-sys */ = {
			isa = PBXGroup;
			children = (
				E02A8FBE2AA97EB800E9C86E /* login.swift */,
				E02A8FF32AA99C3B00E9C86E /* auth-class.swift */,
				E02A8FF72AA99DF400E9C86E /* register.swift */,
			);
			path = "email-sys";
			sourceTree = "<group>";
		};
		E02A8FF92AA9B17100E9C86E /* mainPage */ = {
			isa = PBXGroup;
			children = (
				E02A8FFA2AA9B17F00E9C86E /* mian.swift */,
			);
			path = mainPage;
			sourceTree = "<group>";
		};
/* End PBXGroup section */

/* Begin PBXNativeTarget section */
		E02A8F8E2AA9795000E9C86E /* ios-dev */ = {
			isa = PBXNativeTarget;
			buildConfigurationList = E02A8FB42AA9795100E9C86E /* Build configuration list for PBXNativeTarget "ios-dev" */;
			buildPhases = (
				E02A8F8B2AA9795000E9C86E /* Sources */,
				E02A8F8C2AA9795000E9C86E /* Frameworks */,
				E02A8F8D2AA9795000E9C86E /* Resources */,
			);
			buildRules = (
			);
			dependencies = (
			);
			name = "ios-dev";
			packageProductDependencies = (
				E02A8FC32AA99B2500E9C86E /* FirebaseAnalytics */,
				E02A8FC52AA99B2500E9C86E /* FirebaseAnalyticsOnDeviceConversion */,
				E02A8FC72AA99B2500E9C86E /* FirebaseAnalyticsSwift */,
				E02A8FC92AA99B2500E9C86E /* FirebaseAnalyticsWithoutAdIdSupport */,
				E02A8FCB2AA99B2500E9C86E /* FirebaseAppCheck */,
				E02A8FCD2AA99B2500E9C86E /* FirebaseAppDistribution-Beta */,
				E02A8FCF2AA99B2500E9C86E /* FirebaseAuth */,
				E02A8FD12AA99B2500E9C86E /* FirebaseDatabase */,
				E02A8FD32AA99B2500E9C86E /* FirebaseDatabaseSwift */,
				E02A8FD52AA99B2500E9C86E /* FirebaseDynamicLinks */,
				E02A8FD72AA99B2500E9C86E /* FirebaseFirestore */,
				E02A8FD92AA99B2500E9C86E /* FirebaseFirestoreCombine-Community */,
				E02A8FDB2AA99B2500E9C86E /* FirebaseFirestoreSwift */,
				E02A8FDD2AA99B2500E9C86E /* FirebaseFunctions */,
				E02A8FDF2AA99B2500E9C86E /* FirebaseFunctionsCombine-Community */,
				E02A8FE12AA99B2500E9C86E /* FirebaseInAppMessaging-Beta */,
				E02A8FE32AA99B2500E9C86E /* FirebaseInAppMessagingSwift-Beta */,
				E02A8FE52AA99B2500E9C86E /* FirebaseInstallations */,
				E02A8FE72AA99B2500E9C86E /* FirebaseMessaging */,
				E02A8FE92AA99B2500E9C86E /* FirebasePerformance */,
				E02A8FEB2AA99B2500E9C86E /* FirebaseRemoteConfig */,
				E02A8FED2AA99B2500E9C86E /* FirebaseRemoteConfigSwift */,
				E02A8FEF2AA99B2500E9C86E /* FirebaseStorage */,
				E02A8FF12AA99B2500E9C86E /* FirebaseStorageCombine-Community */,
			);
			productName = "ios-dev";
			productReference = E02A8F8F2AA9795000E9C86E /* ios-dev.app */;
			productType = "com.apple.product-type.application";
		};
		E02A8F9F2AA9795100E9C86E /* ios-devTests */ = {
			isa = PBXNativeTarget;
			buildConfigurationList = E02A8FB72AA9795100E9C86E /* Build configuration list for PBXNativeTarget "ios-devTests" */;
			buildPhases = (
				E02A8F9C2AA9795100E9C86E /* Sources */,
				E02A8F9D2AA9795100E9C86E /* Frameworks */,
				E02A8F9E2AA9795100E9C86E /* Resources */,
			);
			buildRules = (
			);
			dependencies = (
				E02A8FA22AA9795100E9C86E /* PBXTargetDependency */,
			);
			name = "ios-devTests";
			productName = "ios-devTests";
			productReference = E02A8FA02AA9795100E9C86E /* ios-devTests.xctest */;
			productType = "com.apple.product-type.bundle.unit-test";
		};
		E02A8FA92AA9795100E9C86E /* ios-devUITests */ = {
			isa = PBXNativeTarget;
			buildConfigurationList = E02A8FBA2AA9795100E9C86E /* Build configuration list for PBXNativeTarget "ios-devUITests" */;
			buildPhases = (
				E02A8FA62AA9795100E9C86E /* Sources */,
				E02A8FA72AA9795100E9C86E /* Frameworks */,
				E02A8FA82AA9795100E9C86E /* Resources */,
			);
			buildRules = (
			);
			dependencies = (
				E02A8FAC2AA9795100E9C86E /* PBXTargetDependency */,
			);
			name = "ios-devUITests";
			productName = "ios-devUITests";
			productReference = E02A8FAA2AA9795100E9C86E /* ios-devUITests.xctest */;
			productType = "com.apple.product-type.bundle.ui-testing";
		};
/* End PBXNativeTarget section */

/* Begin PBXProject section */
		E02A8F872AA9795000E9C86E /* Project object */ = {
			isa = PBXProject;
			attributes = {
				BuildIndependentTargetsInParallel = 1;
				LastSwiftUpdateCheck = 1430;
				LastUpgradeCheck = 1430;
				TargetAttributes = {
					E02A8F8E2AA9795000E9C86E = {
						CreatedOnToolsVersion = 14.3.1;
					};
					E02A8F9F2AA9795100E9C86E = {
						CreatedOnToolsVersion = 14.3.1;
						TestTargetID = E02A8F8E2AA9795000E9C86E;
					};
					E02A8FA92AA9795100E9C86E = {
						CreatedOnToolsVersion = 14.3.1;
						TestTargetID = E02A8F8E2AA9795000E9C86E;
					};
				};
			};
			buildConfigurationList = E02A8F8A2AA9795000E9C86E /* Build configuration list for PBXProject "ios-dev" */;
			compatibilityVersion = "Xcode 14.0";
			developmentRegion = en;
			hasScannedForEncodings = 0;
			knownRegions = (
				en,
				Base,
			);
			mainGroup = E02A8F862AA9795000E9C86E;
			packageReferences = (
				E02A8FC22AA99B2500E9C86E /* XCRemoteSwiftPackageReference "firebase-ios-sdk" */,
			);
			productRefGroup = E02A8F902AA9795000E9C86E /* Products */;
			projectDirPath = "";
			projectRoot = "";
			targets = (
				E02A8F8E2AA9795000E9C86E /* ios-dev */,
				E02A8F9F2AA9795100E9C86E /* ios-devTests */,
				E02A8FA92AA9795100E9C86E /* ios-devUITests */,
			);
		};
/* End PBXProject section */

/* Begin PBXResourcesBuildPhase section */
		E02A8F8D2AA9795000E9C86E /* Resources */ = {
			isa = PBXResourcesBuildPhase;
			buildActionMask = 2147483647;
			files = (
				E02A8F9B2AA9795100E9C86E /* Preview Assets.xcassets in Resources */,
				E02A8F972AA9795100E9C86E /* Assets.xcassets in Resources */,
				E02A8FC12AA99A5C00E9C86E /* GoogleService-Info.plist in Resources */,
			);
			runOnlyForDeploymentPostprocessing = 0;
		};
		E02A8F9E2AA9795100E9C86E /* Resources */ = {
			isa = PBXResourcesBuildPhase;
			buildActionMask = 2147483647;
			files = (
			);
			runOnlyForDeploymentPostprocessing = 0;
		};
		E02A8FA82AA9795100E9C86E /* Resources */ = {
			isa = PBXResourcesBuildPhase;
			buildActionMask = 2147483647;
			files = (
			);
			runOnlyForDeploymentPostprocessing = 0;
		};
/* End PBXResourcesBuildPhase section */

/* Begin PBXSourcesBuildPhase section */
		E02A8F8B2AA9795000E9C86E /* Sources */ = {
			isa = PBXSourcesBuildPhase;
			buildActionMask = 2147483647;
			files = (
				E02A8FF42AA99C3B00E9C86E /* auth-class.swift in Sources */,
				E02A8FF82AA99DF400E9C86E /* register.swift in Sources */,
				E02A8FBF2AA97EB800E9C86E /* login.swift in Sources */,
				E02A8F932AA9795000E9C86E /* ios_devApp.swift in Sources */,
				E02A8FFB2AA9B17F00E9C86E /* mian.swift in Sources */,
				E02A8FF62AA99D0700E9C86E /* rootView.swift in Sources */,
			);
			runOnlyForDeploymentPostprocessing = 0;
		};
		E02A8F9C2AA9795100E9C86E /* Sources */ = {
			isa = PBXSourcesBuildPhase;
			buildActionMask = 2147483647;
			files = (
				E02A8FA52AA9795100E9C86E /* ios_devTests.swift in Sources */,
			);
			runOnlyForDeploymentPostprocessing = 0;
		};
		E02A8FA62AA9795100E9C86E /* Sources */ = {
			isa = PBXSourcesBuildPhase;
			buildActionMask = 2147483647;
			files = (
				E02A8FB12AA9795100E9C86E /* ios_devUITestsLaunchTests.swift in Sources */,
				E02A8FAF2AA9795100E9C86E /* ios_devUITests.swift in Sources */,
			);
			runOnlyForDeploymentPostprocessing = 0;
		};
/* End PBXSourcesBuildPhase section */

/* Begin PBXTargetDependency section */
		E02A8FA22AA9795100E9C86E /* PBXTargetDependency */ = {
			isa = PBXTargetDependency;
			target = E02A8F8E2AA9795000E9C86E /* ios-dev */;
			targetProxy = E02A8FA12AA9795100E9C86E /* PBXContainerItemProxy */;
		};
		E02A8FAC2AA9795100E9C86E /* PBXTargetDependency */ = {
			isa = PBXTargetDependency;
			target = E02A8F8E2AA9795000E9C86E /* ios-dev */;
			targetProxy = E02A8FAB2AA9795100E9C86E /* PBXContainerItemProxy */;
		};
/* End PBXTargetDependency section */

/* Begin XCBuildConfiguration section */
		E02A8FB22AA9795100E9C86E /* Debug */ = {
			isa = XCBuildConfiguration;
			buildSettings = {
				ALWAYS_SEARCH_USER_PATHS = NO;
				CLANG_ANALYZER_NONNULL = YES;
				CLANG_ANALYZER_NUMBER_OBJECT_CONVERSION = YES_AGGRESSIVE;
				CLANG_CXX_LANGUAGE_STANDARD = "gnu++20";
				CLANG_ENABLE_MODULES = YES;
				CLANG_ENABLE_OBJC_ARC = YES;
				CLANG_ENABLE_OBJC_WEAK = YES;
				CLANG_WARN_BLOCK_CAPTURE_AUTORELEASING = YES;
				CLANG_WARN_BOOL_CONVERSION = YES;
				CLANG_WARN_COMMA = YES;
				CLANG_WARN_CONSTANT_CONVERSION = YES;
				CLANG_WARN_DEPRECATED_OBJC_IMPLEMENTATIONS = YES;
				CLANG_WARN_DIRECT_OBJC_ISA_USAGE = YES_ERROR;
				CLANG_WARN_DOCUMENTATION_COMMENTS = YES;
				CLANG_WARN_EMPTY_BODY = YES;
				CLANG_WARN_ENUM_CONVERSION = YES;
				CLANG_WARN_INFINITE_RECURSION = YES;
				CLANG_WARN_INT_CONVERSION = YES;
				CLANG_WARN_NON_LITERAL_NULL_CONVERSION = YES;
				CLANG_WARN_OBJC_IMPLICIT_RETAIN_SELF = YES;
				CLANG_WARN_OBJC_LITERAL_CONVERSION = YES;
				CLANG_WARN_OBJC_ROOT_CLASS = YES_ERROR;
				CLANG_WARN_QUOTED_INCLUDE_IN_FRAMEWORK_HEADER = YES;
				CLANG_WARN_RANGE_LOOP_ANALYSIS = YES;
				CLANG_WARN_STRICT_PROTOTYPES = YES;
				CLANG_WARN_SUSPICIOUS_MOVE = YES;
				CLANG_WARN_UNGUARDED_AVAILABILITY = YES_AGGRESSIVE;
				CLANG_WARN_UNREACHABLE_CODE = YES;
				CLANG_WARN__DUPLICATE_METHOD_MATCH = YES;
				COPY_PHASE_STRIP = NO;
				DEBUG_INFORMATION_FORMAT = dwarf;
				ENABLE_STRICT_OBJC_MSGSEND = YES;
				ENABLE_TESTABILITY = YES;
				GCC_C_LANGUAGE_STANDARD = gnu11;
				GCC_DYNAMIC_NO_PIC = NO;
				GCC_NO_COMMON_BLOCKS = YES;
				GCC_OPTIMIZATION_LEVEL = 0;
				GCC_PREPROCESSOR_DEFINITIONS = (
					"DEBUG=1",
					"$(inherited)",
				);
				GCC_WARN_64_TO_32_BIT_CONVERSION = YES;
				GCC_WARN_ABOUT_RETURN_TYPE = YES_ERROR;
				GCC_WARN_UNDECLARED_SELECTOR = YES;
				GCC_WARN_UNINITIALIZED_AUTOS = YES_AGGRESSIVE;
				GCC_WARN_UNUSED_FUNCTION = YES;
				GCC_WARN_UNUSED_VARIABLE = YES;
				MTL_ENABLE_DEBUG_INFO = INCLUDE_SOURCE;
				MTL_FAST_MATH = YES;
				ONLY_ACTIVE_ARCH = YES;
				SWIFT_ACTIVE_COMPILATION_CONDITIONS = DEBUG;
				SWIFT_OPTIMIZATION_LEVEL = "-Onone";
			};
			name = Debug;
		};
		E02A8FB32AA9795100E9C86E /* Release */ = {
			isa = XCBuildConfiguration;
			buildSettings = {
				ALWAYS_SEARCH_USER_PATHS = NO;
				CLANG_ANALYZER_NONNULL = YES;
				CLANG_ANALYZER_NUMBER_OBJECT_CONVERSION = YES_AGGRESSIVE;
				CLANG_CXX_LANGUAGE_STANDARD = "gnu++20";
				CLANG_ENABLE_MODULES = YES;
				CLANG_ENABLE_OBJC_ARC = YES;
				CLANG_ENABLE_OBJC_WEAK = YES;
				CLANG_WARN_BLOCK_CAPTURE_AUTORELEASING = YES;
				CLANG_WARN_BOOL_CONVERSION = YES;
				CLANG_WARN_COMMA = YES;
				CLANG_WARN_CONSTANT_CONVERSION = YES;
				CLANG_WARN_DEPRECATED_OBJC_IMPLEMENTATIONS = YES;
				CLANG_WARN_DIRECT_OBJC_ISA_USAGE = YES_ERROR;
				CLANG_WARN_DOCUMENTATION_COMMENTS = YES;
				CLANG_WARN_EMPTY_BODY = YES;
				CLANG_WARN_ENUM_CONVERSION = YES;
				CLANG_WARN_INFINITE_RECURSION = YES;
				CLANG_WARN_INT_CONVERSION = YES;
				CLANG_WARN_NON_LITERAL_NULL_CONVERSION = YES;
				CLANG_WARN_OBJC_IMPLICIT_RETAIN_SELF = YES;
				CLANG_WARN_OBJC_LITERAL_CONVERSION = YES;
				CLANG_WARN_OBJC_ROOT_CLASS = YES_ERROR;
				CLANG_WARN_QUOTED_INCLUDE_IN_FRAMEWORK_HEADER = YES;
				CLANG_WARN_RANGE_LOOP_ANALYSIS = YES;
				CLANG_WARN_STRICT_PROTOTYPES = YES;
				CLANG_WARN_SUSPICIOUS_MOVE = YES;
				CLANG_WARN_UNGUARDED_AVAILABILITY = YES_AGGRESSIVE;
				CLANG_WARN_UNREACHABLE_CODE = YES;
				CLANG_WARN__DUPLICATE_METHOD_MATCH = YES;
				COPY_PHASE_STRIP = NO;
				DEBUG_INFORMATION_FORMAT = "dwarf-with-dsym";
				ENABLE_NS_ASSERTIONS = NO;
				ENABLE_STRICT_OBJC_MSGSEND = YES;
				GCC_C_LANGUAGE_STANDARD = gnu11;
				GCC_NO_COMMON_BLOCKS = YES;
				GCC_WARN_64_TO_32_BIT_CONVERSION = YES;
				GCC_WARN_ABOUT_RETURN_TYPE = YES_ERROR;
				GCC_WARN_UNDECLARED_SELECTOR = YES;
				GCC_WARN_UNINITIALIZED_AUTOS = YES_AGGRESSIVE;
				GCC_WARN_UNUSED_FUNCTION = YES;
				GCC_WARN_UNUSED_VARIABLE = YES;
				MTL_ENABLE_DEBUG_INFO = NO;
				MTL_FAST_MATH = YES;
				SWIFT_COMPILATION_MODE = wholemodule;
				SWIFT_OPTIMIZATION_LEVEL = "-O";
			};
			name = Release;
		};
		E02A8FB52AA9795100E9C86E /* Debug */ = {
			isa = XCBuildConfiguration;
			buildSettings = {
				ASSETCATALOG_COMPILER_APPICON_NAME = AppIcon;
				ASSETCATALOG_COMPILER_GLOBAL_ACCENT_COLOR_NAME = AccentColor;
				CODE_SIGN_ENTITLEMENTS = "ios-dev/ios_dev.entitlements";
				CODE_SIGN_STYLE = Automatic;
				CURRENT_PROJECT_VERSION = 1;
				DEVELOPMENT_ASSET_PATHS = "\"ios-dev/Preview Content\"";
				ENABLE_PREVIEWS = YES;
				GENERATE_INFOPLIST_FILE = YES;
				"INFOPLIST_KEY_UIApplicationSceneManifest_Generation[sdk=iphoneos*]" = YES;
				"INFOPLIST_KEY_UIApplicationSceneManifest_Generation[sdk=iphonesimulator*]" = YES;
				"INFOPLIST_KEY_UIApplicationSupportsIndirectInputEvents[sdk=iphoneos*]" = YES;
				"INFOPLIST_KEY_UIApplicationSupportsIndirectInputEvents[sdk=iphonesimulator*]" = YES;
				"INFOPLIST_KEY_UILaunchScreen_Generation[sdk=iphoneos*]" = YES;
				"INFOPLIST_KEY_UILaunchScreen_Generation[sdk=iphonesimulator*]" = YES;
				"INFOPLIST_KEY_UIStatusBarStyle[sdk=iphoneos*]" = UIStatusBarStyleDefault;
				"INFOPLIST_KEY_UIStatusBarStyle[sdk=iphonesimulator*]" = UIStatusBarStyleDefault;
				INFOPLIST_KEY_UISupportedInterfaceOrientations_iPad = "UIInterfaceOrientationPortrait UIInterfaceOrientationPortraitUpsideDown UIInterfaceOrientationLandscapeLeft UIInterfaceOrientationLandscapeRight";
				INFOPLIST_KEY_UISupportedInterfaceOrientations_iPhone = "UIInterfaceOrientationPortrait UIInterfaceOrientationLandscapeLeft UIInterfaceOrientationLandscapeRight";
				IPHONEOS_DEPLOYMENT_TARGET = 16.4;
				LD_RUNPATH_SEARCH_PATHS = "@executable_path/Frameworks";
				"LD_RUNPATH_SEARCH_PATHS[sdk=macosx*]" = "@executable_path/../Frameworks";
				MACOSX_DEPLOYMENT_TARGET = 13.3;
				MARKETING_VERSION = 1.0;
				PRODUCT_BUNDLE_IDENTIFIER = "meta.ios-dev";
				PRODUCT_NAME = "$(TARGET_NAME)";
				SDKROOT = auto;
				SUPPORTED_PLATFORMS = "iphoneos iphonesimulator macosx";
				SWIFT_EMIT_LOC_STRINGS = YES;
				SWIFT_VERSION = 5.0;
				TARGETED_DEVICE_FAMILY = "1,2";
			};
			name = Debug;
		};
		E02A8FB62AA9795100E9C86E /* Release */ = {
			isa = XCBuildConfiguration;
			buildSettings = {
				ASSETCATALOG_COMPILER_APPICON_NAME = AppIcon;
				ASSETCATALOG_COMPILER_GLOBAL_ACCENT_COLOR_NAME = AccentColor;
				CODE_SIGN_ENTITLEMENTS = "ios-dev/ios_dev.entitlements";
				CODE_SIGN_STYLE = Automatic;
				CURRENT_PROJECT_VERSION = 1;
				DEVELOPMENT_ASSET_PATHS = "\"ios-dev/Preview Content\"";
				ENABLE_PREVIEWS = YES;
				GENERATE_INFOPLIST_FILE = YES;
				"INFOPLIST_KEY_UIApplicationSceneManifest_Generation[sdk=iphoneos*]" = YES;
				"INFOPLIST_KEY_UIApplicationSceneManifest_Generation[sdk=iphonesimulator*]" = YES;
				"INFOPLIST_KEY_UIApplicationSupportsIndirectInputEvents[sdk=iphoneos*]" = YES;
				"INFOPLIST_KEY_UIApplicationSupportsIndirectInputEvents[sdk=iphonesimulator*]" = YES;
				"INFOPLIST_KEY_UILaunchScreen_Generation[sdk=iphoneos*]" = YES;
				"INFOPLIST_KEY_UILaunchScreen_Generation[sdk=iphonesimulator*]" = YES;
				"INFOPLIST_KEY_UIStatusBarStyle[sdk=iphoneos*]" = UIStatusBarStyleDefault;
				"INFOPLIST_KEY_UIStatusBarStyle[sdk=iphonesimulator*]" = UIStatusBarStyleDefault;
				INFOPLIST_KEY_UISupportedInterfaceOrientations_iPad = "UIInterfaceOrientationPortrait UIInterfaceOrientationPortraitUpsideDown UIInterfaceOrientationLandscapeLeft UIInterfaceOrientationLandscapeRight";
				INFOPLIST_KEY_UISupportedInterfaceOrientations_iPhone = "UIInterfaceOrientationPortrait UIInterfaceOrientationLandscapeLeft UIInterfaceOrientationLandscapeRight";
				IPHONEOS_DEPLOYMENT_TARGET = 16.4;
				LD_RUNPATH_SEARCH_PATHS = "@executable_path/Frameworks";
				"LD_RUNPATH_SEARCH_PATHS[sdk=macosx*]" = "@executable_path/../Frameworks";
				MACOSX_DEPLOYMENT_TARGET = 13.3;
				MARKETING_VERSION = 1.0;
				PRODUCT_BUNDLE_IDENTIFIER = "meta.ios-dev";
				PRODUCT_NAME = "$(TARGET_NAME)";
				SDKROOT = auto;
				SUPPORTED_PLATFORMS = "iphoneos iphonesimulator macosx";
				SWIFT_EMIT_LOC_STRINGS = YES;
				SWIFT_VERSION = 5.0;
				TARGETED_DEVICE_FAMILY = "1,2";
			};
			name = Release;
		};
		E02A8FB82AA9795100E9C86E /* Debug */ = {
			isa = XCBuildConfiguration;
			buildSettings = {
				ALWAYS_EMBED_SWIFT_STANDARD_LIBRARIES = YES;
				BUNDLE_LOADER = "$(TEST_HOST)";
				CODE_SIGN_STYLE = Automatic;
				CURRENT_PROJECT_VERSION = 1;
				GENERATE_INFOPLIST_FILE = YES;
				IPHONEOS_DEPLOYMENT_TARGET = 16.4;
				MACOSX_DEPLOYMENT_TARGET = 13.3;
				MARKETING_VERSION = 1.0;
				PRODUCT_BUNDLE_IDENTIFIER = "meta.ios-devTests";
				PRODUCT_NAME = "$(TARGET_NAME)";
				SDKROOT = auto;
				SUPPORTED_PLATFORMS = "iphoneos iphonesimulator macosx";
				SWIFT_EMIT_LOC_STRINGS = NO;
				SWIFT_VERSION = 5.0;
				TARGETED_DEVICE_FAMILY = "1,2";
				TEST_HOST = "$(BUILT_PRODUCTS_DIR)/ios-dev.app/$(BUNDLE_EXECUTABLE_FOLDER_PATH)/ios-dev";
			};
			name = Debug;
		};
		E02A8FB92AA9795100E9C86E /* Release */ = {
			isa = XCBuildConfiguration;
			buildSettings = {
				ALWAYS_EMBED_SWIFT_STANDARD_LIBRARIES = YES;
				BUNDLE_LOADER = "$(TEST_HOST)";
				CODE_SIGN_STYLE = Automatic;
				CURRENT_PROJECT_VERSION = 1;
				GENERATE_INFOPLIST_FILE = YES;
				IPHONEOS_DEPLOYMENT_TARGET = 16.4;
				MACOSX_DEPLOYMENT_TARGET = 13.3;
				MARKETING_VERSION = 1.0;
				PRODUCT_BUNDLE_IDENTIFIER = "meta.ios-devTests";
				PRODUCT_NAME = "$(TARGET_NAME)";
				SDKROOT = auto;
				SUPPORTED_PLATFORMS = "iphoneos iphonesimulator macosx";
				SWIFT_EMIT_LOC_STRINGS = NO;
				SWIFT_VERSION = 5.0;
				TARGETED_DEVICE_FAMILY = "1,2";
				TEST_HOST = "$(BUILT_PRODUCTS_DIR)/ios-dev.app/$(BUNDLE_EXECUTABLE_FOLDER_PATH)/ios-dev";
			};
			name = Release;
		};
		E02A8FBB2AA9795100E9C86E /* Debug */ = {
			isa = XCBuildConfiguration;
			buildSettings = {
				ALWAYS_EMBED_SWIFT_STANDARD_LIBRARIES = YES;
				CODE_SIGN_STYLE = Automatic;
				CURRENT_PROJECT_VERSION = 1;
				GENERATE_INFOPLIST_FILE = YES;
				IPHONEOS_DEPLOYMENT_TARGET = 16.4;
				MACOSX_DEPLOYMENT_TARGET = 13.3;
				MARKETING_VERSION = 1.0;
				PRODUCT_BUNDLE_IDENTIFIER = "meta.ios-devUITests";
				PRODUCT_NAME = "$(TARGET_NAME)";
				SDKROOT = auto;
				SUPPORTED_PLATFORMS = "iphoneos iphonesimulator macosx";
				SWIFT_EMIT_LOC_STRINGS = NO;
				SWIFT_VERSION = 5.0;
				TARGETED_DEVICE_FAMILY = "1,2";
				TEST_TARGET_NAME = "ios-dev";
			};
			name = Debug;
		};
		E02A8FBC2AA9795100E9C86E /* Release */ = {
			isa = XCBuildConfiguration;
			buildSettings = {
				ALWAYS_EMBED_SWIFT_STANDARD_LIBRARIES = YES;
				CODE_SIGN_STYLE = Automatic;
				CURRENT_PROJECT_VERSION = 1;
				GENERATE_INFOPLIST_FILE = YES;
				IPHONEOS_DEPLOYMENT_TARGET = 16.4;
				MACOSX_DEPLOYMENT_TARGET = 13.3;
				MARKETING_VERSION = 1.0;
				PRODUCT_BUNDLE_IDENTIFIER = "meta.ios-devUITests";
				PRODUCT_NAME = "$(TARGET_NAME)";
				SDKROOT = auto;
				SUPPORTED_PLATFORMS = "iphoneos iphonesimulator macosx";
				SWIFT_EMIT_LOC_STRINGS = NO;
				SWIFT_VERSION = 5.0;
				TARGETED_DEVICE_FAMILY = "1,2";
				TEST_TARGET_NAME = "ios-dev";
			};
			name = Release;
		};
/* End XCBuildConfiguration section */

/* Begin XCConfigurationList section */
		E02A8F8A2AA9795000E9C86E /* Build configuration list for PBXProject "ios-dev" */ = {
			isa = XCConfigurationList;
			buildConfigurations = (
				E02A8FB22AA9795100E9C86E /* Debug */,
				E02A8FB32AA9795100E9C86E /* Release */,
			);
			defaultConfigurationIsVisible = 0;
			defaultConfigurationName = Release;
		};
		E02A8FB42AA9795100E9C86E /* Build configuration list for PBXNativeTarget "ios-dev" */ = {
			isa = XCConfigurationList;
			buildConfigurations = (
				E02A8FB52AA9795100E9C86E /* Debug */,
				E02A8FB62AA9795100E9C86E /* Release */,
			);
			defaultConfigurationIsVisible = 0;
			defaultConfigurationName = Release;
		};
		E02A8FB72AA9795100E9C86E /* Build configuration list for PBXNativeTarget "ios-devTests" */ = {
			isa = XCConfigurationList;
			buildConfigurations = (
				E02A8FB82AA9795100E9C86E /* Debug */,
				E02A8FB92AA9795100E9C86E /* Release */,
			);
			defaultConfigurationIsVisible = 0;
			defaultConfigurationName = Release;
		};
		E02A8FBA2AA9795100E9C86E /* Build configuration list for PBXNativeTarget "ios-devUITests" */ = {
			isa = XCConfigurationList;
			buildConfigurations = (
				E02A8FBB2AA9795100E9C86E /* Debug */,
				E02A8FBC2AA9795100E9C86E /* Release */,
			);
			defaultConfigurationIsVisible = 0;
			defaultConfigurationName = Release;
		};
/* End XCConfigurationList section */

/* Begin XCRemoteSwiftPackageReference section */
		E02A8FC22AA99B2500E9C86E /* XCRemoteSwiftPackageReference "firebase-ios-sdk" */ = {
			isa = XCRemoteSwiftPackageReference;
			repositoryURL = "https://github.com/firebase/firebase-ios-sdk";
			requirement = {
				kind = upToNextMajorVersion;
				minimumVersion = 10.0.0;
			};
		};
/* End XCRemoteSwiftPackageReference section */

/* Begin XCSwiftPackageProductDependency section */
		E02A8FC32AA99B2500E9C86E /* FirebaseAnalytics */ = {
			isa = XCSwiftPackageProductDependency;
			package = E02A8FC22AA99B2500E9C86E /* XCRemoteSwiftPackageReference "firebase-ios-sdk" */;
			productName = FirebaseAnalytics;
		};
		E02A8FC52AA99B2500E9C86E /* FirebaseAnalyticsOnDeviceConversion */ = {
			isa = XCSwiftPackageProductDependency;
			package = E02A8FC22AA99B2500E9C86E /* XCRemoteSwiftPackageReference "firebase-ios-sdk" */;
			productName = FirebaseAnalyticsOnDeviceConversion;
		};
		E02A8FC72AA99B2500E9C86E /* FirebaseAnalyticsSwift */ = {
			isa = XCSwiftPackageProductDependency;
			package = E02A8FC22AA99B2500E9C86E /* XCRemoteSwiftPackageReference "firebase-ios-sdk" */;
			productName = FirebaseAnalyticsSwift;
		};
		E02A8FC92AA99B2500E9C86E /* FirebaseAnalyticsWithoutAdIdSupport */ = {
			isa = XCSwiftPackageProductDependency;
			package = E02A8FC22AA99B2500E9C86E /* XCRemoteSwiftPackageReference "firebase-ios-sdk" */;
			productName = FirebaseAnalyticsWithoutAdIdSupport;
		};
		E02A8FCB2AA99B2500E9C86E /* FirebaseAppCheck */ = {
			isa = XCSwiftPackageProductDependency;
			package = E02A8FC22AA99B2500E9C86E /* XCRemoteSwiftPackageReference "firebase-ios-sdk" */;
			productName = FirebaseAppCheck;
		};
		E02A8FCD2AA99B2500E9C86E /* FirebaseAppDistribution-Beta */ = {
			isa = XCSwiftPackageProductDependency;
			package = E02A8FC22AA99B2500E9C86E /* XCRemoteSwiftPackageReference "firebase-ios-sdk" */;
			productName = "FirebaseAppDistribution-Beta";
		};
		E02A8FCF2AA99B2500E9C86E /* FirebaseAuth */ = {
			isa = XCSwiftPackageProductDependency;
			package = E02A8FC22AA99B2500E9C86E /* XCRemoteSwiftPackageReference "firebase-ios-sdk" */;
			productName = FirebaseAuth;
		};
		E02A8FD12AA99B2500E9C86E /* FirebaseDatabase */ = {
			isa = XCSwiftPackageProductDependency;
			package = E02A8FC22AA99B2500E9C86E /* XCRemoteSwiftPackageReference "firebase-ios-sdk" */;
			productName = FirebaseDatabase;
		};
		E02A8FD32AA99B2500E9C86E /* FirebaseDatabaseSwift */ = {
			isa = XCSwiftPackageProductDependency;
			package = E02A8FC22AA99B2500E9C86E /* XCRemoteSwiftPackageReference "firebase-ios-sdk" */;
			productName = FirebaseDatabaseSwift;
		};
		E02A8FD52AA99B2500E9C86E /* FirebaseDynamicLinks */ = {
			isa = XCSwiftPackageProductDependency;
			package = E02A8FC22AA99B2500E9C86E /* XCRemoteSwiftPackageReference "firebase-ios-sdk" */;
			productName = FirebaseDynamicLinks;
		};
		E02A8FD72AA99B2500E9C86E /* FirebaseFirestore */ = {
			isa = XCSwiftPackageProductDependency;
			package = E02A8FC22AA99B2500E9C86E /* XCRemoteSwiftPackageReference "firebase-ios-sdk" */;
			productName = FirebaseFirestore;
		};
		E02A8FD92AA99B2500E9C86E /* FirebaseFirestoreCombine-Community */ = {
			isa = XCSwiftPackageProductDependency;
			package = E02A8FC22AA99B2500E9C86E /* XCRemoteSwiftPackageReference "firebase-ios-sdk" */;
			productName = "FirebaseFirestoreCombine-Community";
		};
		E02A8FDB2AA99B2500E9C86E /* FirebaseFirestoreSwift */ = {
			isa = XCSwiftPackageProductDependency;
			package = E02A8FC22AA99B2500E9C86E /* XCRemoteSwiftPackageReference "firebase-ios-sdk" */;
			productName = FirebaseFirestoreSwift;
		};
		E02A8FDD2AA99B2500E9C86E /* FirebaseFunctions */ = {
			isa = XCSwiftPackageProductDependency;
			package = E02A8FC22AA99B2500E9C86E /* XCRemoteSwiftPackageReference "firebase-ios-sdk" */;
			productName = FirebaseFunctions;
		};
		E02A8FDF2AA99B2500E9C86E /* FirebaseFunctionsCombine-Community */ = {
			isa = XCSwiftPackageProductDependency;
			package = E02A8FC22AA99B2500E9C86E /* XCRemoteSwiftPackageReference "firebase-ios-sdk" */;
			productName = "FirebaseFunctionsCombine-Community";
		};
		E02A8FE12AA99B2500E9C86E /* FirebaseInAppMessaging-Beta */ = {
			isa = XCSwiftPackageProductDependency;
			package = E02A8FC22AA99B2500E9C86E /* XCRemoteSwiftPackageReference "firebase-ios-sdk" */;
			productName = "FirebaseInAppMessaging-Beta";
		};
		E02A8FE32AA99B2500E9C86E /* FirebaseInAppMessagingSwift-Beta */ = {
			isa = XCSwiftPackageProductDependency;
			package = E02A8FC22AA99B2500E9C86E /* XCRemoteSwiftPackageReference "firebase-ios-sdk" */;
			productName = "FirebaseInAppMessagingSwift-Beta";
		};
		E02A8FE52AA99B2500E9C86E /* FirebaseInstallations */ = {
			isa = XCSwiftPackageProductDependency;
			package = E02A8FC22AA99B2500E9C86E /* XCRemoteSwiftPackageReference "firebase-ios-sdk" */;
			productName = FirebaseInstallations;
		};
		E02A8FE72AA99B2500E9C86E /* FirebaseMessaging */ = {
			isa = XCSwiftPackageProductDependency;
			package = E02A8FC22AA99B2500E9C86E /* XCRemoteSwiftPackageReference "firebase-ios-sdk" */;
			productName = FirebaseMessaging;
		};
		E02A8FE92AA99B2500E9C86E /* FirebasePerformance */ = {
			isa = XCSwiftPackageProductDependency;
			package = E02A8FC22AA99B2500E9C86E /* XCRemoteSwiftPackageReference "firebase-ios-sdk" */;
			productName = FirebasePerformance;
		};
		E02A8FEB2AA99B2500E9C86E /* FirebaseRemoteConfig */ = {
			isa = XCSwiftPackageProductDependency;
			package = E02A8FC22AA99B2500E9C86E /* XCRemoteSwiftPackageReference "firebase-ios-sdk" */;
			productName = FirebaseRemoteConfig;
		};
		E02A8FED2AA99B2500E9C86E /* FirebaseRemoteConfigSwift */ = {
			isa = XCSwiftPackageProductDependency;
			package = E02A8FC22AA99B2500E9C86E /* XCRemoteSwiftPackageReference "firebase-ios-sdk" */;
			productName = FirebaseRemoteConfigSwift;
		};
		E02A8FEF2AA99B2500E9C86E /* FirebaseStorage */ = {
			isa = XCSwiftPackageProductDependency;
			package = E02A8FC22AA99B2500E9C86E /* XCRemoteSwiftPackageReference "firebase-ios-sdk" */;
			productName = FirebaseStorage;
		};
		E02A8FF12AA99B2500E9C86E /* FirebaseStorageCombine-Community */ = {
			isa = XCSwiftPackageProductDependency;
			package = E02A8FC22AA99B2500E9C86E /* XCRemoteSwiftPackageReference "firebase-ios-sdk" */;
			productName = "FirebaseStorageCombine-Community";
		};
/* End XCSwiftPackageProductDependency section */
	};
	rootObject = E02A8F872AA9795000E9C86E /* Project object */;
}
